{
  "name": "visu-rdf",
  "version": "1.0.0",
  "lockfileVersion": 1,
  "requires": true,
  "dependencies": {
    "fs": {
      "version": "0.0.1-security",
      "resolved": "https://registry.npmjs.org/fs/-/fs-0.0.1-security.tgz",
      "integrity": "sha1-invTcYa23d84E/I4WLV+yq9eQdQ="
    },
    "n3": {
      "version": "1.3.7",
      "resolved": "https://registry.npmjs.org/n3/-/n3-1.3.7.tgz",
      "integrity": "sha512-IREbOmZyTlc34vxlp31ECT5jliRNZqHg3THhzrVd5bcSWGto5xsN8fF5xWKYXZr8TdZX+GXFkCxttTKM1N3JZg=="
    }
  }
}
